
Microsoft Visual Studio Solution File, Format Version 12.00
# Visual Studio Version 17
VisualStudioVersion = 17.9.34616.47
MinimumVisualStudioVersion = 10.0.40219.1
Project("{FAE04EC0-301F-11D3-BF4B-00C04F79EFBC}") = "abstarct", "abstarct.csproj", "{AC76FD56-6C4D-452B-A221-6D6BAEA9EC22}"
EndProject
Global
	GlobalSection(SolutionConfigurationPlatforms) = preSolution
		Debug|Any CPU = Debug|Any CPU
		Release|Any CPU = Release|Any CPU
	EndGlobalSection
	GlobalSection(ProjectConfigurationPlatforms) = postSolution
		{AC76FD56-6C4D-452B-A221-6D6BAEA9EC22}.Debug|Any CPU.ActiveCfg = Debug|Any CPU
		{AC76FD56-6C4D-452B-A221-6D6BAEA9EC22}.Debug|Any CPU.Build.0 = Debug|Any CPU
		{AC76FD56-6C4D-452B-A221-6D6BAEA9EC22}.Release|Any CPU.ActiveCfg = Release|Any CPU
		{AC76FD56-6C4D-452B-A221-6D6BAEA9EC22}.Release|Any CPU.Build.0 = Release|Any CPU
	EndGlobalSection
	GlobalSection(SolutionProperties) = preSolution
		HideSolutionNode = FALSE
	EndGlobalSection
	GlobalSection(ExtensibilityGlobals) = postSolution
		SolutionGuid = {40F707F9-7129-4388-BBFC-2D50177FE66F}
	EndGlobalSection
EndGlobal
